
Microsoft Visual Studio Solution File, Format Version 12.00
# Visual Studio 15
VisualStudioVersion = 15.0.26730.16
MinimumVisualStudioVersion = 10.0.40219.1
Project("{FAE04EC0-301F-11D3-BF4B-00C04F79EFBC}") = "Hybrid", "Hybrid.csproj", "{29B925E0-359D-CC45-F6E3-28E159F596B7}"
EndProject
Project("{FAE04EC0-301F-11D3-BF4B-00C04F79EFBC}") = "Hybrid.Editor", "Hybrid.Editor.csproj", "{5C510C90-DC95-0E9D-461B-8D19F68B6E4A}"
EndProject
Global
	GlobalSection(SolutionConfigurationPlatforms) = preSolution
		Debug|Any CPU = Debug|Any CPU
		Release|Any CPU = Release|Any CPU
	EndGlobalSection
	GlobalSection(ProjectConfigurationPlatforms) = postSolution
		{29B925E0-359D-CC45-F6E3-28E159F596B7}.Debug|Any CPU.ActiveCfg = Debug|Any CPU
		{29B925E0-359D-CC45-F6E3-28E159F596B7}.Debug|Any CPU.Build.0 = Debug|Any CPU
		{29B925E0-359D-CC45-F6E3-28E159F596B7}.Release|Any CPU.ActiveCfg = Release|Any CPU
		{29B925E0-359D-CC45-F6E3-28E159F596B7}.Release|Any CPU.Build.0 = Release|Any CPU
		{5C510C90-DC95-0E9D-461B-8D19F68B6E4A}.Debug|Any CPU.ActiveCfg = Debug|Any CPU
		{5C510C90-DC95-0E9D-461B-8D19F68B6E4A}.Debug|Any CPU.Build.0 = Debug|Any CPU
		{5C510C90-DC95-0E9D-461B-8D19F68B6E4A}.Release|Any CPU.ActiveCfg = Release|Any CPU
		{5C510C90-DC95-0E9D-461B-8D19F68B6E4A}.Release|Any CPU.Build.0 = Release|Any CPU
	EndGlobalSection
	GlobalSection(SolutionProperties) = preSolution
		HideSolutionNode = FALSE
	EndGlobalSection
	GlobalSection(ExtensibilityGlobals) = postSolution
		SolutionGuid = {DF27FE61-6940-4B5E-BFE5-F3BD0723182C}
	EndGlobalSection
EndGlobal
